
Microsoft Visual Studio Solution File, Format Version 12.00
# Visual Studio Version 16
VisualStudioVersion = 16.0.33027.164
MinimumVisualStudioVersion = 10.0.40219.1
Project("{FAE04EC0-301F-11D3-BF4B-00C04F79EFBC}") = "SubOverheat", "SubOverheat.csproj", "{8E67A8C0-EAB1-484B-82BA-FBB6B0779202}"
EndProject
Global
	GlobalSection(SolutionConfigurationPlatforms) = preSolution
		Debug|Any CPU = Debug|Any CPU
		Release|Any CPU = Release|Any CPU
	EndGlobalSection
	GlobalSection(ProjectConfigurationPlatforms) = postSolution
		{8E67A8C0-EAB1-484B-82BA-FBB6B0779202}.Debug|Any CPU.ActiveCfg = Debug|Any CPU
		{8E67A8C0-EAB1-484B-82BA-FBB6B0779202}.Debug|Any CPU.Build.0 = Debug|Any CPU
		{8E67A8C0-EAB1-484B-82BA-FBB6B0779202}.Release|Any CPU.ActiveCfg = Release|Any CPU
		{8E67A8C0-EAB1-484B-82BA-FBB6B0779202}.Release|Any CPU.Build.0 = Release|Any CPU
	EndGlobalSection
	GlobalSection(SolutionProperties) = preSolution
		HideSolutionNode = FALSE
	EndGlobalSection
	GlobalSection(ExtensibilityGlobals) = postSolution
		SolutionGuid = {3F3152C9-9451-4C0D-9D39-A9EFD637A4A5}
	EndGlobalSection
EndGlobal
